
Microsoft Visual Studio Solution File, Format Version 12.00
# Visual Studio Version 17
VisualStudioVersion = 17.11.35303.130
MinimumVisualStudioVersion = 10.0.40219.1
Project("{9A19103F-16F7-4668-BE54-9A1E7A4F7556}") = "ConestogaVirtualGameStore.Server", "ConestogaVirtualGameStore.Server\ConestogaVirtualGameStore.Server.csproj", "{9BE864E1-7483-456D-9A31-19B0CA8725BE}"
EndProject
Project("{9A19103F-16F7-4668-BE54-9A1E7A4F7556}") = "ConestogaVirtualGameStore.Tests", "ConestogaVirtualGameStore.Tests\ConestogaVirtualGameStore.Tests.csproj", "{5E21E328-7EAF-4623-9848-31D751AD9B0A}"
EndProject
Global
	GlobalSection(SolutionConfigurationPlatforms) = preSolution
		Debug|Any CPU = Debug|Any CPU
		Release|Any CPU = Release|Any CPU
	EndGlobalSection
	GlobalSection(ProjectConfigurationPlatforms) = postSolution
		{9BE864E1-7483-456D-9A31-19B0CA8725BE}.Debug|Any CPU.ActiveCfg = Debug|Any CPU
		{9BE864E1-7483-456D-9A31-19B0CA8725BE}.Debug|Any CPU.Build.0 = Debug|Any CPU
		{9BE864E1-7483-456D-9A31-19B0CA8725BE}.Release|Any CPU.ActiveCfg = Release|Any CPU
		{9BE864E1-7483-456D-9A31-19B0CA8725BE}.Release|Any CPU.Build.0 = Release|Any CPU
		{5E21E328-7EAF-4623-9848-31D751AD9B0A}.Debug|Any CPU.ActiveCfg = Debug|Any CPU
		{5E21E328-7EAF-4623-9848-31D751AD9B0A}.Debug|Any CPU.Build.0 = Debug|Any CPU
		{5E21E328-7EAF-4623-9848-31D751AD9B0A}.Release|Any CPU.ActiveCfg = Release|Any CPU
		{5E21E328-7EAF-4623-9848-31D751AD9B0A}.Release|Any CPU.Build.0 = Release|Any CPU
	EndGlobalSection
	GlobalSection(SolutionProperties) = preSolution
		HideSolutionNode = FALSE
	EndGlobalSection
	GlobalSection(ExtensibilityGlobals) = postSolution
		SolutionGuid = {95047992-CE87-4BD3-BE39-0AF00AA639AA}
	EndGlobalSection
EndGlobal
